
Microsoft Visual Studio Solution File, Format Version 12.00
# Visual Studio Version 17
VisualStudioVersion = 17.5.33627.172
MinimumVisualStudioVersion = 10.0.40219.1
Project("{888888A0-9F3D-457C-B088-3A5042F75D52}") = "Python- weather details using API", "Python- weather details using API.pyproj", "{2DB39403-BB2A-4F94-BD2A-0A4213C04B44}"
EndProject
Global
	GlobalSection(SolutionConfigurationPlatforms) = preSolution
		Debug|Any CPU = Debug|Any CPU
		Release|Any CPU = Release|Any CPU
	EndGlobalSection
	GlobalSection(ProjectConfigurationPlatforms) = postSolution
		{2DB39403-BB2A-4F94-BD2A-0A4213C04B44}.Debug|Any CPU.ActiveCfg = Debug|Any CPU
		{2DB39403-BB2A-4F94-BD2A-0A4213C04B44}.Release|Any CPU.ActiveCfg = Release|Any CPU
	EndGlobalSection
	GlobalSection(SolutionProperties) = preSolution
		HideSolutionNode = FALSE
	EndGlobalSection
	GlobalSection(ExtensibilityGlobals) = postSolution
		SolutionGuid = {D87801BB-411C-4E28-93C2-73860E44C053}
	EndGlobalSection
EndGlobal
